
Microsoft Visual Studio Solution File, Format Version 12.00
# Visual Studio Version 17
VisualStudioVersion = 17.5.002.0
MinimumVisualStudioVersion = 10.0.40219.1
Project("{9A19103F-16F7-4668-BE54-9A1E7A4F7556}") = "laisuatchovay", "laisuatchovay.csproj", "{09521249-8382-4C50-9132-305283C2A4C0}"
EndProject
Global
	GlobalSection(SolutionConfigurationPlatforms) = preSolution
		Debug|Any CPU = Debug|Any CPU
		Release|Any CPU = Release|Any CPU
	EndGlobalSection
	GlobalSection(ProjectConfigurationPlatforms) = postSolution
		{09521249-8382-4C50-9132-305283C2A4C0}.Debug|Any CPU.ActiveCfg = Debug|Any CPU
		{09521249-8382-4C50-9132-305283C2A4C0}.Debug|Any CPU.Build.0 = Debug|Any CPU
		{09521249-8382-4C50-9132-305283C2A4C0}.Release|Any CPU.ActiveCfg = Release|Any CPU
		{09521249-8382-4C50-9132-305283C2A4C0}.Release|Any CPU.Build.0 = Release|Any CPU
	EndGlobalSection
	GlobalSection(SolutionProperties) = preSolution
		HideSolutionNode = FALSE
	EndGlobalSection
	GlobalSection(ExtensibilityGlobals) = postSolution
		SolutionGuid = {B3ECCA34-B413-4018-B6B0-18BDE91E220C}
	EndGlobalSection
EndGlobal
